
Microsoft Visual Studio Solution File, Format Version 12.00
# Visual Studio Version 16
VisualStudioVersion = 16.0.32901.82
MinimumVisualStudioVersion = 10.0.40219.1
Project("{FAE04EC0-301F-11D3-BF4B-00C04F79EFBC}") = "S16C", "S16C\S16C.csproj", "{22ED81BA-2835-4887-A91A-7040BF57A3E5}"
EndProject
Global
	GlobalSection(SolutionConfigurationPlatforms) = preSolution
		Debug|Any CPU = Debug|Any CPU
		Release|Any CPU = Release|Any CPU
	EndGlobalSection
	GlobalSection(ProjectConfigurationPlatforms) = postSolution
		{22ED81BA-2835-4887-A91A-7040BF57A3E5}.Debug|Any CPU.ActiveCfg = Debug|Any CPU
		{22ED81BA-2835-4887-A91A-7040BF57A3E5}.Debug|Any CPU.Build.0 = Debug|Any CPU
		{22ED81BA-2835-4887-A91A-7040BF57A3E5}.Release|Any CPU.ActiveCfg = Release|Any CPU
		{22ED81BA-2835-4887-A91A-7040BF57A3E5}.Release|Any CPU.Build.0 = Release|Any CPU
	EndGlobalSection
	GlobalSection(SolutionProperties) = preSolution
		HideSolutionNode = FALSE
	EndGlobalSection
	GlobalSection(ExtensibilityGlobals) = postSolution
		SolutionGuid = {30F172CB-C694-4FDA-B550-4B7833C49F30}
	EndGlobalSection
EndGlobal
