
Microsoft Visual Studio Solution File, Format Version 12.00
# Visual Studio Version 16
VisualStudioVersion = 16.0.32901.82
MinimumVisualStudioVersion = 10.0.40219.1
Project("{FAE04EC0-301F-11D3-BF4B-00C04F79EFBC}") = "WebApplication1", "WebApplication1.csproj", "{11589B8A-8038-4344-81F8-31ABE42B5C53}"
EndProject
Global
	GlobalSection(SolutionConfigurationPlatforms) = preSolution
		Debug|Any CPU = Debug|Any CPU
		Release|Any CPU = Release|Any CPU
	EndGlobalSection
	GlobalSection(ProjectConfigurationPlatforms) = postSolution
		{11589B8A-8038-4344-81F8-31ABE42B5C53}.Debug|Any CPU.ActiveCfg = Debug|Any CPU
		{11589B8A-8038-4344-81F8-31ABE42B5C53}.Debug|Any CPU.Build.0 = Debug|Any CPU
		{11589B8A-8038-4344-81F8-31ABE42B5C53}.Release|Any CPU.ActiveCfg = Release|Any CPU
		{11589B8A-8038-4344-81F8-31ABE42B5C53}.Release|Any CPU.Build.0 = Release|Any CPU
	EndGlobalSection
	GlobalSection(SolutionProperties) = preSolution
		HideSolutionNode = FALSE
	EndGlobalSection
	GlobalSection(ExtensibilityGlobals) = postSolution
		SolutionGuid = {2A6C2E60-BA04-4CA3-866F-BFE9AAD26AD5}
	EndGlobalSection
EndGlobal
